
Microsoft Visual Studio Solution File, Format Version 12.00
# Visual Studio 15
VisualStudioVersion = 15.0.27004.2009
MinimumVisualStudioVersion = 10.0.40219.1
Project("{FAE04EC0-301F-11D3-BF4B-00C04F79EFBC}") = "ModelSoure", "Model\ModelSoure.csproj", "{FA0232FC-3483-4332-9DD6-2B45F8030A2D}"
EndProject
Project("{FAE04EC0-301F-11D3-BF4B-00C04F79EFBC}") = "AdoHelp", "Ado\AdoHelp.csproj", "{C2F8270F-050F-47D3-89A9-ACE497259E6B}"
EndProject
Project("{FAE04EC0-301F-11D3-BF4B-00C04F79EFBC}") = "CodeEF", "CodeEF\CodeEF.csproj", "{ACF43E59-073B-48D5-878F-9E689498EE43}"
EndProject
Global
	GlobalSection(SolutionConfigurationPlatforms) = preSolution
		Debug|Any CPU = Debug|Any CPU
		Release|Any CPU = Release|Any CPU
	EndGlobalSection
	GlobalSection(ProjectConfigurationPlatforms) = postSolution
		{FA0232FC-3483-4332-9DD6-2B45F8030A2D}.Debug|Any CPU.ActiveCfg = Debug|Any CPU
		{FA0232FC-3483-4332-9DD6-2B45F8030A2D}.Debug|Any CPU.Build.0 = Debug|Any CPU
		{FA0232FC-3483-4332-9DD6-2B45F8030A2D}.Release|Any CPU.ActiveCfg = Release|Any CPU
		{FA0232FC-3483-4332-9DD6-2B45F8030A2D}.Release|Any CPU.Build.0 = Release|Any CPU
		{C2F8270F-050F-47D3-89A9-ACE497259E6B}.Debug|Any CPU.ActiveCfg = Debug|Any CPU
		{C2F8270F-050F-47D3-89A9-ACE497259E6B}.Debug|Any CPU.Build.0 = Debug|Any CPU
		{C2F8270F-050F-47D3-89A9-ACE497259E6B}.Release|Any CPU.ActiveCfg = Release|Any CPU
		{C2F8270F-050F-47D3-89A9-ACE497259E6B}.Release|Any CPU.Build.0 = Release|Any CPU
		{ACF43E59-073B-48D5-878F-9E689498EE43}.Debug|Any CPU.ActiveCfg = Debug|Any CPU
		{ACF43E59-073B-48D5-878F-9E689498EE43}.Debug|Any CPU.Build.0 = Debug|Any CPU
		{ACF43E59-073B-48D5-878F-9E689498EE43}.Release|Any CPU.ActiveCfg = Release|Any CPU
		{ACF43E59-073B-48D5-878F-9E689498EE43}.Release|Any CPU.Build.0 = Release|Any CPU
	EndGlobalSection
	GlobalSection(SolutionProperties) = preSolution
		HideSolutionNode = FALSE
	EndGlobalSection
	GlobalSection(ExtensibilityGlobals) = postSolution
		SolutionGuid = {2291C8A5-B913-42CD-AA6F-F61997E39DB6}
	EndGlobalSection
EndGlobal
